
Microsoft Visual Studio Solution File, Format Version 12.00
# Visual Studio Version 17
VisualStudioVersion = 17.3.32901.215
MinimumVisualStudioVersion = 10.0.40219.1
Project("{FAE04EC0-301F-11D3-BF4B-00C04F79EFBC}") = "ежедневник", "ежедневник.csproj", "{48809D7E-2F66-4607-9233-FAA9F647299E}"
EndProject
Global
	GlobalSection(SolutionConfigurationPlatforms) = preSolution
		Debug|Any CPU = Debug|Any CPU
		Release|Any CPU = Release|Any CPU
	EndGlobalSection
	GlobalSection(ProjectConfigurationPlatforms) = postSolution
		{48809D7E-2F66-4607-9233-FAA9F647299E}.Debug|Any CPU.ActiveCfg = Debug|Any CPU
		{48809D7E-2F66-4607-9233-FAA9F647299E}.Debug|Any CPU.Build.0 = Debug|Any CPU
		{48809D7E-2F66-4607-9233-FAA9F647299E}.Release|Any CPU.ActiveCfg = Release|Any CPU
		{48809D7E-2F66-4607-9233-FAA9F647299E}.Release|Any CPU.Build.0 = Release|Any CPU
	EndGlobalSection
	GlobalSection(SolutionProperties) = preSolution
		HideSolutionNode = FALSE
	EndGlobalSection
	GlobalSection(ExtensibilityGlobals) = postSolution
		SolutionGuid = {C55A323E-FA94-4102-8DB6-20B8736B8406}
	EndGlobalSection
EndGlobal
